
Microsoft Visual Studio Solution File, Format Version 12.00
# Visual Studio Version 16
VisualStudioVersion = 16.0.29728.190
MinimumVisualStudioVersion = 10.0.40219.1
Project("{9A19103F-16F7-4668-BE54-9A1E7A4F7556}") = "Kaliber", "Kaliber\Kaliber.csproj", "{D034F335-7C74-41BB-8D81-CC6ADEEB5E94}"
EndProject
Project("{FAE04EC0-301F-11D3-BF4B-00C04F79EFBC}") = "KaliberTests", "KaliberTests\KaliberTests.csproj", "{CB1CCBDE-8247-474D-9E56-3BBE3F797A18}"
EndProject
Global
	GlobalSection(SolutionConfigurationPlatforms) = preSolution
		Debug|Any CPU = Debug|Any CPU
		Release|Any CPU = Release|Any CPU
	EndGlobalSection
	GlobalSection(ProjectConfigurationPlatforms) = postSolution
		{D034F335-7C74-41BB-8D81-CC6ADEEB5E94}.Debug|Any CPU.ActiveCfg = Debug|Any CPU
		{D034F335-7C74-41BB-8D81-CC6ADEEB5E94}.Debug|Any CPU.Build.0 = Debug|Any CPU
		{D034F335-7C74-41BB-8D81-CC6ADEEB5E94}.Release|Any CPU.ActiveCfg = Release|Any CPU
		{D034F335-7C74-41BB-8D81-CC6ADEEB5E94}.Release|Any CPU.Build.0 = Release|Any CPU
		{CB1CCBDE-8247-474D-9E56-3BBE3F797A18}.Debug|Any CPU.ActiveCfg = Debug|Any CPU
		{CB1CCBDE-8247-474D-9E56-3BBE3F797A18}.Debug|Any CPU.Build.0 = Debug|Any CPU
		{CB1CCBDE-8247-474D-9E56-3BBE3F797A18}.Release|Any CPU.ActiveCfg = Release|Any CPU
		{CB1CCBDE-8247-474D-9E56-3BBE3F797A18}.Release|Any CPU.Build.0 = Release|Any CPU
	EndGlobalSection
	GlobalSection(SolutionProperties) = preSolution
		HideSolutionNode = FALSE
	EndGlobalSection
	GlobalSection(ExtensibilityGlobals) = postSolution
		SolutionGuid = {7DFDDB3E-F224-4F7A-A6C4-7B334EBF5F4D}
	EndGlobalSection
EndGlobal
